
Microsoft Visual Studio Solution File, Format Version 12.00
# Visual Studio Version 17
VisualStudioVersion = 17.2.32616.157
MinimumVisualStudioVersion = 10.0.40219.1
Project("{FAE04EC0-301F-11D3-BF4B-00C04F79EFBC}") = "Webgentle.Bookstore", "Webgentle.Bookstore\Webgentle.Bookstore.csproj", "{65A0840E-4328-43F3-A2D5-9A7828E5D203}"
EndProject
Global
	GlobalSection(SolutionConfigurationPlatforms) = preSolution
		Debug|Any CPU = Debug|Any CPU
		Release|Any CPU = Release|Any CPU
	EndGlobalSection
	GlobalSection(ProjectConfigurationPlatforms) = postSolution
		{65A0840E-4328-43F3-A2D5-9A7828E5D203}.Debug|Any CPU.ActiveCfg = Debug|Any CPU
		{65A0840E-4328-43F3-A2D5-9A7828E5D203}.Debug|Any CPU.Build.0 = Debug|Any CPU
		{65A0840E-4328-43F3-A2D5-9A7828E5D203}.Release|Any CPU.ActiveCfg = Release|Any CPU
		{65A0840E-4328-43F3-A2D5-9A7828E5D203}.Release|Any CPU.Build.0 = Release|Any CPU
	EndGlobalSection
	GlobalSection(SolutionProperties) = preSolution
		HideSolutionNode = FALSE
	EndGlobalSection
	GlobalSection(ExtensibilityGlobals) = postSolution
		SolutionGuid = {302FAE76-2C5B-42D2-ABCC-F26FB4C4C32A}
	EndGlobalSection
EndGlobal
